
Microsoft Visual Studio Solution File, Format Version 12.00
# Visual Studio Version 17
VisualStudioVersion = 17.13.35806.99
MinimumVisualStudioVersion = 10.0.40219.1
Project("{FAE04EC0-301F-11D3-BF4B-00C04F79EFBC}") = "StockTicker.API", "StockTicker.API\StockTicker.API.csproj", "{B3B155B5-B1D0-4DE2-821B-868DEA8C2F22}"
EndProject
Global
	GlobalSection(SolutionConfigurationPlatforms) = preSolution
		Debug|Any CPU = Debug|Any CPU
		Release|Any CPU = Release|Any CPU
	EndGlobalSection
	GlobalSection(ProjectConfigurationPlatforms) = postSolution
		{B3B155B5-B1D0-4DE2-821B-868DEA8C2F22}.Debug|Any CPU.ActiveCfg = Debug|Any CPU
		{B3B155B5-B1D0-4DE2-821B-868DEA8C2F22}.Debug|Any CPU.Build.0 = Debug|Any CPU
		{B3B155B5-B1D0-4DE2-821B-868DEA8C2F22}.Release|Any CPU.ActiveCfg = Release|Any CPU
		{B3B155B5-B1D0-4DE2-821B-868DEA8C2F22}.Release|Any CPU.Build.0 = Release|Any CPU
	EndGlobalSection
	GlobalSection(SolutionProperties) = preSolution
		HideSolutionNode = FALSE
	EndGlobalSection
	GlobalSection(ExtensibilityGlobals) = postSolution
		SolutionGuid = {49D7F2D4-5715-4CC8-8D61-6244BD30D6EE}
	EndGlobalSection
EndGlobal
